# THIS IS AN AUTOGENERATED FILE. DO NOT EDIT THIS FILE DIRECTLY.
# yarn lockfile v1


"@discordjs/builders@^1.10.0":
  version "1.10.0"
  resolved "https://registry.yarnpkg.com/@discordjs/builders/-/builders-1.10.0.tgz#de0811ea22a3ecb893a3e37923760c9e9e722d74"
  integrity sha512-ikVZsZP+3shmVJ5S1oM+7SveUCK3L9fTyfA8aJ7uD9cNQlTqF+3Irbk2Y22KXTb3C3RNUahRkSInClJMkHrINg==
  dependencies:
    "@discordjs/formatters" "^0.6.0"
    "@discordjs/util" "^1.1.1"
    "@sapphire/shapeshift" "^4.0.0"
    discord-api-types "^0.37.114"
    fast-deep-equal "^3.1.3"
    ts-mixer "^6.0.4"
    tslib "^2.6.3"

"@discordjs/collection@1.5.3":
  version "1.5.3"
  resolved "https://registry.yarnpkg.com/@discordjs/collection/-/collection-1.5.3.tgz#5a1250159ebfff9efa4f963cfa7e97f1b291be18"
  integrity sha512-SVb428OMd3WO1paV3rm6tSjM4wC+Kecaa1EUGX7vc6/fddvw/6lg90z4QtCqm21zvVe92vMMDt9+DkIvjXImQQ==

"@discordjs/collection@^2.1.0", "@discordjs/collection@^2.1.1":
  version "2.1.1"
  resolved "https://registry.yarnpkg.com/@discordjs/collection/-/collection-2.1.1.tgz#901917bc538c12b9c3613036d317847baee08cae"
  integrity sha512-LiSusze9Tc7qF03sLCujF5iZp7K+vRNEDBZ86FT9aQAv3vxMLihUvKvpsCWiQ2DJq1tVckopKm1rxomgNUc9hg==

"@discordjs/formatters@^0.6.0":
  version "0.6.0"
  resolved "https://registry.yarnpkg.com/@discordjs/formatters/-/formatters-0.6.0.tgz#9a4ca075ab16a4823da9258bc5c39f06a2519235"
  integrity sha512-YIruKw4UILt/ivO4uISmrGq2GdMY6EkoTtD0oS0GvkJFRZbTSdPhzYiUILbJ/QslsvC9H9nTgGgnarnIl4jMfw==
  dependencies:
    discord-api-types "^0.37.114"

"@discordjs/rest@^2.4.1", "@discordjs/rest@^2.4.2":
  version "2.4.2"
  resolved "https://registry.yarnpkg.com/@discordjs/rest/-/rest-2.4.2.tgz#8c18c717cd81521d6f886a33e2dd7a454be97e41"
  integrity sha512-9bOvXYLQd5IBg/kKGuEFq3cstVxAMJ6wMxO2U3wjrgO+lHv8oNCT+BBRpuzVQh7BoXKvk/gpajceGvQUiRoJ8g==
  dependencies:
    "@discordjs/collection" "^2.1.1"
    "@discordjs/util" "^1.1.1"
    "@sapphire/async-queue" "^1.5.3"
    "@sapphire/snowflake" "^3.5.3"
    "@vladfrangu/async_event_emitter" "^2.4.6"
    discord-api-types "^0.37.114"
    magic-bytes.js "^1.10.0"
    tslib "^2.6.3"
    undici "6.19.8"

"@discordjs/util@^1.1.0", "@discordjs/util@^1.1.1":
  version "1.1.1"
  resolved "https://registry.yarnpkg.com/@discordjs/util/-/util-1.1.1.tgz#bafcde0faa116c834da1258d78ec237080bbab29"
  integrity sha512-eddz6UnOBEB1oITPinyrB2Pttej49M9FZQY8NxgEvc3tq6ZICZ19m70RsmzRdDHk80O9NoYN/25AqJl8vPVf/g==

"@discordjs/ws@^1.2.0":
  version "1.2.0"
  resolved "https://registry.yarnpkg.com/@discordjs/ws/-/ws-1.2.0.tgz#befdaab25230814dca9bc863ece6077900336047"
  integrity sha512-QH5CAFe3wHDiedbO+EI3OOiyipwWd+Q6BdoFZUw/Wf2fw5Cv2fgU/9UEtJRmJa9RecI+TAhdGPadMaEIur5yJg==
  dependencies:
    "@discordjs/collection" "^2.1.0"
    "@discordjs/rest" "^2.4.1"
    "@discordjs/util" "^1.1.0"
    "@sapphire/async-queue" "^1.5.2"
    "@types/ws" "^8.5.10"
    "@vladfrangu/async_event_emitter" "^2.2.4"
    discord-api-types "^0.37.114"
    tslib "^2.6.2"
    ws "^8.17.0"

"@sapphire/async-queue@^1.5.2", "@sapphire/async-queue@^1.5.3":
  version "1.5.5"
  resolved "https://registry.yarnpkg.com/@sapphire/async-queue/-/async-queue-1.5.5.tgz#2b18d402bb920b65b13ad4ed8dfb6c386300dd84"
  integrity sha512-cvGzxbba6sav2zZkH8GPf2oGk9yYoD5qrNWdu9fRehifgnFZJMV+nuy2nON2roRO4yQQ+v7MK/Pktl/HgfsUXg==

"@sapphire/shapeshift@^4.0.0":
  version "4.0.0"
  resolved "https://registry.yarnpkg.com/@sapphire/shapeshift/-/shapeshift-4.0.0.tgz#86c1b41002ff5d0b2ad21cbc3418b06834b89040"
  integrity sha512-d9dUmWVA7MMiKobL3VpLF8P2aeanRTu6ypG2OIaEv/ZHH/SUQ2iHOVyi5wAPjQ+HmnMuL0whK9ez8I/raWbtIg==
  dependencies:
    fast-deep-equal "^3.1.3"
    lodash "^4.17.21"

"@sapphire/snowflake@3.5.3":
  version "3.5.3"
  resolved "https://registry.yarnpkg.com/@sapphire/snowflake/-/snowflake-3.5.3.tgz#0c102aa2ec5b34f806e9bc8625fc6a5e1d0a0c6a"
  integrity sha512-jjmJywLAFoWeBi1W7994zZyiNWPIiqRRNAmSERxyg93xRGzNYvGjlZ0gR6x0F4gPRi2+0O6S71kOZYyr3cxaIQ==

"@sapphire/snowflake@^3.5.3":
  version "3.5.5"
  resolved "https://registry.yarnpkg.com/@sapphire/snowflake/-/snowflake-3.5.5.tgz#33a60ab4231e3cab29e8a0077f342125f2c8d1bd"
  integrity sha512-xzvBr1Q1c4lCe7i6sRnrofxeO1QTP/LKQ6A6qy0iB4x5yfiSfARMEQEghojzTNALDTcv8En04qYNIco9/K9eZQ==

"@types/node@*":
  version "22.10.5"
  resolved "https://registry.yarnpkg.com/@types/node/-/node-22.10.5.tgz#95af89a3fb74a2bb41ef9927f206e6472026e48b"
  integrity sha512-F8Q+SeGimwOo86fiovQh8qiXfFEh2/ocYv7tU5pJ3EXMSSxk1Joj5wefpFK2fHTf/N6HKGSxIDBT9f3gCxXPkQ==
  dependencies:
    undici-types "~6.20.0"

"@types/ws@^8.5.10":
  version "8.5.13"
  resolved "https://registry.yarnpkg.com/@types/ws/-/ws-8.5.13.tgz#6414c280875e2691d0d1e080b05addbf5cb91e20"
  integrity sha512-osM/gWBTPKgHV8XkTunnegTRIsvF6owmf5w+JtAfOw472dptdm0dlGv4xCt6GwQRcC2XVOvvRE/0bAoQcL2QkA==
  dependencies:
    "@types/node" "*"

"@vladfrangu/async_event_emitter@^2.2.4", "@vladfrangu/async_event_emitter@^2.4.6":
  version "2.4.6"
  resolved "https://registry.yarnpkg.com/@vladfrangu/async_event_emitter/-/async_event_emitter-2.4.6.tgz#508b6c45b03f917112a9008180b308ba0e4d1805"
  integrity sha512-RaI5qZo6D2CVS6sTHFKg1v5Ohq/+Bo2LZ5gzUEwZ/WkHhwtGTCB/sVLw8ijOkAUxasZ+WshN/Rzj4ywsABJ5ZA==

asynckit@^0.4.0:
  version "0.4.0"
  resolved "https://registry.yarnpkg.com/asynckit/-/asynckit-0.4.0.tgz#c79ed97f7f34cb8f2ba1bc9790bcc366474b4b79"
  integrity sha512-Oei9OH4tRh0YqU3GxhX79dM/mwVgvbZJaSNaRk+bshkj0S5cfHcgYakreBjrHwatXKbz+IoIdYLxrKim2MjW0Q==

axios@^1.7.9:
  version "1.7.9"
  resolved "https://registry.yarnpkg.com/axios/-/axios-1.7.9.tgz#d7d071380c132a24accda1b2cfc1535b79ec650a"
  integrity sha512-LhLcE7Hbiryz8oMDdDptSrWowmB4Bl6RCt6sIJKpRB4XtVf0iEgewX3au/pJqm+Py1kCASkb/FFKjxQaLtxJvw==
  dependencies:
    follow-redirects "^1.15.6"
    form-data "^4.0.0"
    proxy-from-env "^1.1.0"

bindings@^1.5.0:
  version "1.5.0"
  resolved "https://registry.yarnpkg.com/bindings/-/bindings-1.5.0.tgz#10353c9e945334bc0511a6d90b38fbc7c9c504df"
  integrity sha512-p2q/t/mhvuOj/UeLlV6566GD/guowlr0hHxClI0W9m7MWYkL1F0hLo+0Aexs9HSPCtR1SXQ0TD3MMKrXZajbiQ==
  dependencies:
    file-uri-to-path "1.0.0"

capture-stack-trace@^1.0.0:
  version "1.0.2"
  resolved "https://registry.yarnpkg.com/capture-stack-trace/-/capture-stack-trace-1.0.2.tgz#1c43f6b059d4249e7f3f8724f15f048b927d3a8a"
  integrity sha512-X/WM2UQs6VMHUtjUDnZTRI+i1crWteJySFzr9UpGoQa4WQffXVTTXuekjl7TjZRlcF2XfjgITT0HxZ9RnxeT0w==

combined-stream@^1.0.8:
  version "1.0.8"
  resolved "https://registry.yarnpkg.com/combined-stream/-/combined-stream-1.0.8.tgz#c3d45a8b34fd730631a110a8a2520682b31d5a7f"
  integrity sha512-FQN4MRfuJeHf7cBbBMJFXhKSDq+2kAArBlmRBvcvFE5BB1HZKXtSFASDhdlz9zOYwxh8lDdnvmMOe/+5cdoEdg==
  dependencies:
    delayed-stream "~1.0.0"

create-error-class@^3.0.0:
  version "3.0.2"
  resolved "https://registry.yarnpkg.com/create-error-class/-/create-error-class-3.0.2.tgz#06be7abef947a3f14a30fd610671d401bca8b7b6"
  integrity sha512-gYTKKexFO3kh200H1Nit76sRwRtOY32vQd3jpAQKpLtZqyNsSQNfI4N7o3eP2wUjV35pTWKRYqFUDBvUha/Pkw==
  dependencies:
    capture-stack-trace "^1.0.0"

delayed-stream@~1.0.0:
  version "1.0.0"
  resolved "https://registry.yarnpkg.com/delayed-stream/-/delayed-stream-1.0.0.tgz#df3ae199acadfb7d440aaae0b29e2272b24ec619"
  integrity sha512-ZySD7Nf91aLB0RxL4KGrKHBXl7Eds1DAmEdcoVawXnLD7SDhpNgtuII2aAkg7a7QS41jxPSZ17p4VdGnMHk3MQ==

discord-api-types@^0.37.114:
  version "0.37.115"
  resolved "https://registry.yarnpkg.com/discord-api-types/-/discord-api-types-0.37.115.tgz#b7f1675efe9ba047bd6ddc9785551d015ae14939"
  integrity sha512-ivPnJotSMrXW8HLjFu+0iCVs8zP6KSliMelhr7HgcB2ki1QzpORkb26m71l1pzSnnGfm7gb5n/VtRTtpw8kXFA==

discord.js@^14.17.3:
  version "14.17.3"
  resolved "https://registry.yarnpkg.com/discord.js/-/discord.js-14.17.3.tgz#e3799a3a2bc66c1b95f3f7053ce7b0e541a81361"
  integrity sha512-8/j8udc3CU7dz3Eqch64UaSHoJtUT6IXK4da5ixjbav4NAXJicloWswD/iwn1ImZEMoAV3LscsdO0zhBh6H+0Q==
  dependencies:
    "@discordjs/builders" "^1.10.0"
    "@discordjs/collection" "1.5.3"
    "@discordjs/formatters" "^0.6.0"
    "@discordjs/rest" "^2.4.2"
    "@discordjs/util" "^1.1.1"
    "@discordjs/ws" "^1.2.0"
    "@sapphire/snowflake" "3.5.3"
    discord-api-types "^0.37.114"
    fast-deep-equal "3.1.3"
    lodash.snakecase "4.1.1"
    tslib "^2.6.3"
    undici "6.19.8"

dotenv@^16.4.7:
  version "16.4.7"
  resolved "https://registry.yarnpkg.com/dotenv/-/dotenv-16.4.7.tgz#0e20c5b82950140aa99be360a8a5f52335f53c26"
  integrity sha512-47qPchRCykZC03FhkYAhrvwU4xDBFIj1QPqaarj6mdM/hgUzfPHcpkHJOn3mJAufFeeAxAzeGsr5X0M4k6fLZQ==

duplexer3@^0.1.4:
  version "0.1.5"
  resolved "https://registry.yarnpkg.com/duplexer3/-/duplexer3-0.1.5.tgz#0b5e4d7bad5de8901ea4440624c8e1d20099217e"
  integrity sha512-1A8za6ws41LQgv9HrE/66jyC5yuSjQ3L/KOpFtoBilsAK2iA2wuS5rTt1OCzIvtS2V7nVmedsUU+DGRcjBmOYA==

eventemitter3@^1.2.0:
  version "1.2.0"
  resolved "https://registry.yarnpkg.com/eventemitter3/-/eventemitter3-1.2.0.tgz#1c86991d816ad1e504750e73874224ecf3bec508"
  integrity sha512-DOFqA1MF46fmZl2xtzXR3MPCRsXqgoFqdXcrCVYM3JNnfUeHTm/fh/v/iU7gBFpwkuBmoJPAm5GuhdDfSEJMJA==

fast-deep-equal@3.1.3, fast-deep-equal@^3.1.3:
  version "3.1.3"
  resolved "https://registry.yarnpkg.com/fast-deep-equal/-/fast-deep-equal-3.1.3.tgz#3a7d56b559d6cbc3eb512325244e619a65c6c525"
  integrity sha512-f3qQ9oQy9j2AhBe/H9VC91wLmKBCCU/gDOnKNAYG5hswO7BLKj09Hc5HYNz9cGI++xlpDCIgDaitVs03ATR84Q==

file-uri-to-path@1.0.0:
  version "1.0.0"
  resolved "https://registry.yarnpkg.com/file-uri-to-path/-/file-uri-to-path-1.0.0.tgz#553a7b8446ff6f684359c445f1e37a05dacc33dd"
  integrity sha512-0Zt+s3L7Vf1biwWZ29aARiVYLx7iMGnEUl9x33fbB/j3jR81u/O2LbqK+Bm1CDSNDKVtJ/YjwY7TUd5SkeLQLw==

follow-redirects@^1.15.6:
  version "1.15.9"
  resolved "https://registry.yarnpkg.com/follow-redirects/-/follow-redirects-1.15.9.tgz#a604fa10e443bf98ca94228d9eebcc2e8a2c8ee1"
  integrity sha512-gew4GsXizNgdoRyqmyfMHyAmXsZDk6mHkSxZFCzW9gwlbtOW44CDtYavM+y+72qD/Vq2l550kMF52DT8fOLJqQ==

form-data@^4.0.0:
  version "4.0.1"
  resolved "https://registry.yarnpkg.com/form-data/-/form-data-4.0.1.tgz#ba1076daaaa5bfd7e99c1a6cb02aa0a5cff90d48"
  integrity sha512-tzN8e4TX8+kkxGPK8D5u0FNmjPUjw3lwC9lSLxxoB/+GtsJG91CO8bSWy73APlgAZzZbXEYZJuxjkHH2w+Ezhw==
  dependencies:
    asynckit "^0.4.0"
    combined-stream "^1.0.8"
    mime-types "^2.1.12"

get-stream@^3.0.0:
  version "3.0.0"
  resolved "https://registry.yarnpkg.com/get-stream/-/get-stream-3.0.0.tgz#8e943d1358dc37555054ecbe2edb05aa174ede14"
  integrity sha512-GlhdIUuVakc8SJ6kK0zAFbiGzRFzNnY4jUuEbV9UROo4Y+0Ny4fjvcZFVTeDA4odpFyOQzaw6hXukJSq/f28sQ==

got@^6.3.0:
  version "6.7.1"
  resolved "https://registry.yarnpkg.com/got/-/got-6.7.1.tgz#240cd05785a9a18e561dc1b44b41c763ef1e8db0"
  integrity sha512-Y/K3EDuiQN9rTZhBvPRWMLXIKdeD1Rj0nzunfoi0Yyn5WBEbzxXKU9Ub2X41oZBagVWOBU3MuDonFMgPWQFnwg==
  dependencies:
    create-error-class "^3.0.0"
    duplexer3 "^0.1.4"
    get-stream "^3.0.0"
    is-redirect "^1.0.0"
    is-retry-allowed "^1.0.0"
    is-stream "^1.0.0"
    lowercase-keys "^1.0.0"
    safe-buffer "^5.0.1"
    timed-out "^4.0.0"
    unzip-response "^2.0.1"
    url-parse-lax "^1.0.0"

i2c-bus@^5.1.0:
  version "5.2.3"
  resolved "https://registry.yarnpkg.com/i2c-bus/-/i2c-bus-5.2.3.tgz#a1350df43f0a2f94d84369c3fe55fbc47174a6ff"
  integrity sha512-kzFgU0OSIZlaeUUa+VK7L+kkxnj4feimCVQDOPrzj0cTaB+hNweTsO8/j7QvW2gRgWQ7ds5IpfFjpBrX+fMNng==
  dependencies:
    bindings "^1.5.0"
    nan "^2.17.0"

is-redirect@^1.0.0:
  version "1.0.0"
  resolved "https://registry.yarnpkg.com/is-redirect/-/is-redirect-1.0.0.tgz#1d03dded53bd8db0f30c26e4f95d36fc7c87dc24"
  integrity sha512-cr/SlUEe5zOGmzvj9bUyC4LVvkNVAXu4GytXLNMr1pny+a65MpQ9IJzFHD5vi7FyJgb4qt27+eS3TuQnqB+RQw==

is-retry-allowed@^1.0.0:
  version "1.2.0"
  resolved "https://registry.yarnpkg.com/is-retry-allowed/-/is-retry-allowed-1.2.0.tgz#d778488bd0a4666a3be8a1482b9f2baafedea8b4"
  integrity sha512-RUbUeKwvm3XG2VYamhJL1xFktgjvPzL0Hq8C+6yrWIswDy3BIXGqCxhxkc30N9jqK311gVU137K8Ei55/zVJRg==

is-stream@^1.0.0:
  version "1.1.0"
  resolved "https://registry.yarnpkg.com/is-stream/-/is-stream-1.1.0.tgz#12d4a3dd4e68e0b79ceb8dbc84173ae80d91ca44"
  integrity sha512-uQPm8kcs47jx38atAcWTVxyltQYoPT68y9aWYdV6yWXSyW8mzSat0TL6CiWdZeCdF3KrAvpVtnHbTv4RN+rqdQ==

lodash.snakecase@4.1.1:
  version "4.1.1"
  resolved "https://registry.yarnpkg.com/lodash.snakecase/-/lodash.snakecase-4.1.1.tgz#39d714a35357147837aefd64b5dcbb16becd8f8d"
  integrity sha512-QZ1d4xoBHYUeuouhEq3lk3Uq7ldgyFXGBhg04+oRLnIz8o9T65Eh+8YdroUwn846zchkA9yDsDl5CVVaV2nqYw==

lodash@^4.17.21:
  version "4.17.21"
  resolved "https://registry.yarnpkg.com/lodash/-/lodash-4.17.21.tgz#679591c564c3bffaae8454cf0b3df370c3d6911c"
  integrity sha512-v2kDEe57lecTulaDIuNTPy3Ry4gLGJ6Z1O3vE1krgXZNrsQ+LFTGHVxVjcXPs17LhbZVGedAJv8XZ1tvj5FvSg==

lowercase-keys@^1.0.0:
  version "1.0.1"
  resolved "https://registry.yarnpkg.com/lowercase-keys/-/lowercase-keys-1.0.1.tgz#6f9e30b47084d971a7c820ff15a6c5167b74c26f"
  integrity sha512-G2Lj61tXDnVFFOi8VZds+SoQjtQC3dgokKdDG2mTm1tx4m50NUHBOZSBwQQHyy0V12A0JTG4icfZQH+xPyh8VA==

magic-bytes.js@^1.10.0:
  version "1.10.0"
  resolved "https://registry.yarnpkg.com/magic-bytes.js/-/magic-bytes.js-1.10.0.tgz#c41cf4bc2f802992b05e64962411c9dd44fdef92"
  integrity sha512-/k20Lg2q8LE5xiaaSkMXk4sfvI+9EGEykFS4b0CHHGWqDYU0bGUFSwchNOMA56D7TCs9GwVTkqe9als1/ns8UQ==

mime-db@1.52.0:
  version "1.52.0"
  resolved "https://registry.yarnpkg.com/mime-db/-/mime-db-1.52.0.tgz#bbabcdc02859f4987301c856e3387ce5ec43bf70"
  integrity sha512-sPU4uV7dYlvtWJxwwxHD0PuihVNiE7TyAbQ5SWxDCB9mUYvOgroQOwYQQOKPJ8CIbE+1ETVlOoK1UC2nU3gYvg==

mime-types@^2.1.12:
  version "2.1.35"
  resolved "https://registry.yarnpkg.com/mime-types/-/mime-types-2.1.35.tgz#381a871b62a734450660ae3deee44813f70d959a"
  integrity sha512-ZDY+bPm5zTTF+YpCrAU9nK0UgICYPT0QtT1NZWFv4s++TNkcgVaT0g6+4R2uI4MjQjzysHB1zxuWL50hzaeXiw==
  dependencies:
    mime-db "1.52.0"

nan@^2.14.1, nan@^2.17.0:
  version "2.22.0"
  resolved "https://registry.yarnpkg.com/nan/-/nan-2.22.0.tgz#31bc433fc33213c97bad36404bb68063de604de3"
  integrity sha512-nbajikzWTMwsW+eSsNm3QwlOs7het9gGJU5dDZzRTQGk03vyBOauxgI4VakDzE0PtsGTmXPsXTbbjVhRwR5mpw==

node-cron@^3.0.3:
  version "3.0.3"
  resolved "https://registry.yarnpkg.com/node-cron/-/node-cron-3.0.3.tgz#c4bc7173dd96d96c50bdb51122c64415458caff2"
  integrity sha512-dOal67//nohNgYWb+nWmg5dkFdIwDm8EpeGYMekPMrngV3637lqnX0lbUcCtgibHTz6SEz7DAIjKvKDFYCnO1A==
  dependencies:
    uuid "8.3.2"

prepend-http@^1.0.1:
  version "1.0.4"
  resolved "https://registry.yarnpkg.com/prepend-http/-/prepend-http-1.0.4.tgz#d4f4562b0ce3696e41ac52d0e002e57a635dc6dc"
  integrity sha512-PhmXi5XmoyKw1Un4E+opM2KcsJInDvKyuOumcjjw3waw86ZNjHwVUOOWLc4bCzLdcKNaWBH9e99sbWzDQsVaYg==

proxy-from-env@^1.1.0:
  version "1.1.0"
  resolved "https://registry.yarnpkg.com/proxy-from-env/-/proxy-from-env-1.1.0.tgz#e102f16ca355424865755d2c9e8ea4f24d58c3e2"
  integrity sha512-D+zkORCbA9f1tdWRK0RaCR3GPv50cMxcrz4X8k5LTSUD1Dkw47mKJEZQNunItRTkWwgtaUSo1RVFRIG9ZXiFYg==

random-puppy@^1.1.0:
  version "1.1.0"
  resolved "https://registry.yarnpkg.com/random-puppy/-/random-puppy-1.1.0.tgz#1adaa34c0f376d502b59d6fd8227ea61a454993b"
  integrity sha512-IK0ev5l+3cy8iZGO/sx5j0lP+TUBMVlidh7d7RGgCttD+qOO+frTYpQ0yr37A4inSDTwvE1QwdmgvpQ1tjIgFQ==
  dependencies:
    eventemitter3 "^1.2.0"
    got "^6.3.0"
    unique-random-array "^1.0.0"

raspberrypi-liquid-crystal@^1.20.0:
  version "1.20.0"
  resolved "https://registry.yarnpkg.com/raspberrypi-liquid-crystal/-/raspberrypi-liquid-crystal-1.20.0.tgz#2b8fdc5692b90f8c45af43af4c2893f2d96ab49d"
  integrity sha512-hAAnoSMisosqBs9yNtRYzQw+KTCqKUY8hqlayCy+dfCIlH+DNfQFcK3fQ2D1Uj4s8P/AqZqIq3yuegB+Bl8qVQ==
  dependencies:
    i2c-bus "^5.1.0"
    sleep "^6.3.0"

safe-buffer@^5.0.1:
  version "5.2.1"
  resolved "https://registry.yarnpkg.com/safe-buffer/-/safe-buffer-5.2.1.tgz#1eaf9fa9bdb1fdd4ec75f58f9cdb4e6b7827eec6"
  integrity sha512-rp3So07KcdmmKbGvgaNxQSJr7bGVSVk5S9Eq1F+ppbRo70+YeaDxkw5Dd8NPN+GD6bjnYm2VuPuCXmpuYvmCXQ==

sleep@^6.3.0:
  version "6.3.0"
  resolved "https://registry.yarnpkg.com/sleep/-/sleep-6.3.0.tgz#c524e0e6d8d2e45d3f14e0ba5650fbe45f2ae876"
  integrity sha512-+WgYl951qdUlb1iS97UvQ01pkauoBK9ML9I/CMPg41v0Ze4EyMlTgFTDDo32iYj98IYqxIjDMRd+L71lawFfpQ==
  dependencies:
    nan "^2.14.1"

timed-out@^4.0.0:
  version "4.0.1"
  resolved "https://registry.yarnpkg.com/timed-out/-/timed-out-4.0.1.tgz#f32eacac5a175bea25d7fab565ab3ed8741ef56f"
  integrity sha512-G7r3AhovYtr5YKOWQkta8RKAPb+J9IsO4uVmzjl8AZwfhs8UcUwTiD6gcJYSgOtzyjvQKrKYn41syHbUWMkafA==

ts-mixer@^6.0.4:
  version "6.0.4"
  resolved "https://registry.yarnpkg.com/ts-mixer/-/ts-mixer-6.0.4.tgz#1da39ceabc09d947a82140d9f09db0f84919ca28"
  integrity sha512-ufKpbmrugz5Aou4wcr5Wc1UUFWOLhq+Fm6qa6P0w0K5Qw2yhaUoiWszhCVuNQyNwrlGiscHOmqYoAox1PtvgjA==

tslib@^2.6.2, tslib@^2.6.3:
  version "2.8.1"
  resolved "https://registry.yarnpkg.com/tslib/-/tslib-2.8.1.tgz#612efe4ed235d567e8aba5f2a5fab70280ade83f"
  integrity sha512-oJFu94HQb+KVduSUQL7wnpmqnfmLsOA/nAh6b6EH0wCEoK0/mPeXU6c3wKDV83MkOuHPRHtSXKKU99IBazS/2w==

undici-types@~6.20.0:
  version "6.20.0"
  resolved "https://registry.yarnpkg.com/undici-types/-/undici-types-6.20.0.tgz#8171bf22c1f588d1554d55bf204bc624af388433"
  integrity sha512-Ny6QZ2Nju20vw1SRHe3d9jVu6gJ+4e3+MMpqu7pqE5HT6WsTSlce++GQmK5UXS8mzV8DSYHrQH+Xrf2jVcuKNg==

undici@6.19.8:
  version "6.19.8"
  resolved "https://registry.yarnpkg.com/undici/-/undici-6.19.8.tgz#002d7c8a28f8cc3a44ff33c3d4be4d85e15d40e1"
  integrity sha512-U8uCCl2x9TK3WANvmBavymRzxbfFYG+tAu+fgx3zxQy3qdagQqBLwJVrdyO1TBfUXvfKveMKJZhpvUYoOjM+4g==

unique-random-array@^1.0.0:
  version "1.0.1"
  resolved "https://registry.yarnpkg.com/unique-random-array/-/unique-random-array-1.0.1.tgz#f29bda2a62be8860a703c4739c8f4fdb4d722cc7"
  integrity sha512-z9J/SV8CUIhIRROcHe9YUoAT6XthUJt0oUyLGgobiXJprDP9O9dsErNevvSaAv5BkhwFEVPn6nIEOKeNE6Ck1Q==
  dependencies:
    unique-random "^1.0.0"

unique-random@^1.0.0:
  version "1.0.0"
  resolved "https://registry.yarnpkg.com/unique-random/-/unique-random-1.0.0.tgz#ce3e224c8242cd33a0e77b0d7180d77e6b62d0c4"
  integrity sha512-K1sUkPf9EXCZFNIlMCoX4icAqcvkR4FMPH4Z61HbyiWhQl1ZGo0zYeV2bJmocK8Cp6tnKYrCnpkeKGebXZoRTQ==

unzip-response@^2.0.1:
  version "2.0.1"
  resolved "https://registry.yarnpkg.com/unzip-response/-/unzip-response-2.0.1.tgz#d2f0f737d16b0615e72a6935ed04214572d56f97"
  integrity sha512-N0XH6lqDtFH84JxptQoZYmloF4nzrQqqrAymNj+/gW60AO2AZgOcf4O/nUXJcYfyQkqvMo9lSupBZmmgvuVXlw==

url-parse-lax@^1.0.0:
  version "1.0.0"
  resolved "https://registry.yarnpkg.com/url-parse-lax/-/url-parse-lax-1.0.0.tgz#7af8f303645e9bd79a272e7a14ac68bc0609da73"
  integrity sha512-BVA4lR5PIviy2PMseNd2jbFQ+jwSwQGdJejf5ctd1rEXt0Ypd7yanUK9+lYechVlN5VaTJGsu2U/3MDDu6KgBA==
  dependencies:
    prepend-http "^1.0.1"

uuid@8.3.2:
  version "8.3.2"
  resolved "https://registry.yarnpkg.com/uuid/-/uuid-8.3.2.tgz#80d5b5ced271bb9af6c445f21a1a04c606cefbe2"
  integrity sha512-+NYs2QeMWy+GWFOEm9xnn6HCDp0l7QBD7ml8zLUmJ+93Q5NF0NocErnwkTkXVFNiX3/fpC6afS8Dhb/gz7R7eg==

ws@^8.17.0:
  version "8.18.0"
  resolved "https://registry.yarnpkg.com/ws/-/ws-8.18.0.tgz#0d7505a6eafe2b0e712d232b42279f53bc289bbc"
  integrity sha512-8VbfWfHLbbwu3+N6OKsOMpBdT4kXPDDB9cJk2bJ6mh9ucxdlnNvH1e+roYkKmN9Nxw2yjz7VzeO9oOz2zJ04Pw==
